{
  "name": "mark",
  "version": "0.0.1",
  "lockfileVersion": 1,
  "requires": true,
  "dependencies": {
    "@codefeathers/fuse": {
      "version": "0.11.0",
      "resolved": "https://registry.npmjs.org/@codefeathers/fuse/-/fuse-0.11.0.tgz",
      "integrity": "sha512-DxX+1S0FBON6M3Lyrgd0C00bYMScsk991vJfCHPKUCH2FtYFR9JKXRs3BmSlO838ZrwAhkva04309QR8CDprgQ=="
    },
    "readline-promise": {
      "version": "1.0.3",
      "resolved": "https://registry.npmjs.org/readline-promise/-/readline-promise-1.0.3.tgz",
      "integrity": "sha512-sseBRVVaTSQ2x7nYs66xi7HbmarvsNBVj0Tcac4tOfn+XBeqJI0D5Ymcw/c2tb3myJ3DZmcHEwJ4fpUvtfIxJg=="
    }
  }
}
